
Microsoft Visual Studio Solution File, Format Version 12.00
# Visual Studio Version 16
VisualStudioVersion = 16.0.31129.286
MinimumVisualStudioVersion = 10.0.40219.1
Project("{8BC9CEB8-8B4A-11D0-8D11-00A0C91BC942}") = "TempProj", "TempProj\TempProj.vcxproj", "{407A5179-4AC8-4323-89CF-C350F854D7B9}"
	ProjectSection(ProjectDependencies) = postProject
		{52F486E7-830C-45D8-BE47-E76B5AAB2772} = {52F486E7-830C-45D8-BE47-E76B5AAB2772}
	EndProjectSection
EndProject
Project("{FAE04EC0-301F-11D3-BF4B-00C04F79EFBC}") = "MainProj", "MainProj\MainProj.csproj", "{F5AE308D-E66D-4B39-9443-E86CCF34097C}"
EndProject
Project("{8BC9CEB8-8B4A-11D0-8D11-00A0C91BC942}") = "ComLightLib", "ComLightLib\ComLightLib.vcxproj", "{52F486E7-830C-45D8-BE47-E76B5AAB2772}"
EndProject
Global
	GlobalSection(SolutionConfigurationPlatforms) = preSolution
		Debug|Any CPU = Debug|Any CPU
		Debug|x64 = Debug|x64
		Debug|x86 = Debug|x86
		Release|Any CPU = Release|Any CPU
		Release|x64 = Release|x64
		Release|x86 = Release|x86
	EndGlobalSection
	GlobalSection(ProjectConfigurationPlatforms) = postSolution
		{407A5179-4AC8-4323-89CF-C350F854D7B9}.Debug|Any CPU.ActiveCfg = Debug|Win32
		{407A5179-4AC8-4323-89CF-C350F854D7B9}.Debug|x64.ActiveCfg = Debug|x64
		{407A5179-4AC8-4323-89CF-C350F854D7B9}.Debug|x64.Build.0 = Debug|x64
		{407A5179-4AC8-4323-89CF-C350F854D7B9}.Debug|x86.ActiveCfg = Debug|Win32
		{407A5179-4AC8-4323-89CF-C350F854D7B9}.Debug|x86.Build.0 = Debug|Win32
		{407A5179-4AC8-4323-89CF-C350F854D7B9}.Release|Any CPU.ActiveCfg = Release|Win32
		{407A5179-4AC8-4323-89CF-C350F854D7B9}.Release|x64.ActiveCfg = Release|x64
		{407A5179-4AC8-4323-89CF-C350F854D7B9}.Release|x64.Build.0 = Release|x64
		{407A5179-4AC8-4323-89CF-C350F854D7B9}.Release|x86.ActiveCfg = Release|Win32
		{407A5179-4AC8-4323-89CF-C350F854D7B9}.Release|x86.Build.0 = Release|Win32
		{F5AE308D-E66D-4B39-9443-E86CCF34097C}.Debug|Any CPU.ActiveCfg = Debug|Any CPU
		{F5AE308D-E66D-4B39-9443-E86CCF34097C}.Debug|Any CPU.Build.0 = Debug|Any CPU
		{F5AE308D-E66D-4B39-9443-E86CCF34097C}.Debug|x64.ActiveCfg = Debug|Any CPU
		{F5AE308D-E66D-4B39-9443-E86CCF34097C}.Debug|x64.Build.0 = Debug|Any CPU
		{F5AE308D-E66D-4B39-9443-E86CCF34097C}.Debug|x86.ActiveCfg = Debug|Any CPU
		{F5AE308D-E66D-4B39-9443-E86CCF34097C}.Debug|x86.Build.0 = Debug|Any CPU
		{F5AE308D-E66D-4B39-9443-E86CCF34097C}.Release|Any CPU.ActiveCfg = Release|Any CPU
		{F5AE308D-E66D-4B39-9443-E86CCF34097C}.Release|Any CPU.Build.0 = Release|Any CPU
		{F5AE308D-E66D-4B39-9443-E86CCF34097C}.Release|x64.ActiveCfg = Release|Any CPU
		{F5AE308D-E66D-4B39-9443-E86CCF34097C}.Release|x64.Build.0 = Release|Any CPU
		{F5AE308D-E66D-4B39-9443-E86CCF34097C}.Release|x86.ActiveCfg = Release|Any CPU
		{F5AE308D-E66D-4B39-9443-E86CCF34097C}.Release|x86.Build.0 = Release|Any CPU
		{52F486E7-830C-45D8-BE47-E76B5AAB2772}.Debug|Any CPU.ActiveCfg = Debug|Win32
		{52F486E7-830C-45D8-BE47-E76B5AAB2772}.Debug|x64.ActiveCfg = Debug|x64
		{52F486E7-830C-45D8-BE47-E76B5AAB2772}.Debug|x64.Build.0 = Debug|x64
		{52F486E7-830C-45D8-BE47-E76B5AAB2772}.Debug|x86.ActiveCfg = Debug|Win32
		{52F486E7-830C-45D8-BE47-E76B5AAB2772}.Debug|x86.Build.0 = Debug|Win32
		{52F486E7-830C-45D8-BE47-E76B5AAB2772}.Release|Any CPU.ActiveCfg = Release|Win32
		{52F486E7-830C-45D8-BE47-E76B5AAB2772}.Release|x64.ActiveCfg = Release|x64
		{52F486E7-830C-45D8-BE47-E76B5AAB2772}.Release|x64.Build.0 = Release|x64
		{52F486E7-830C-45D8-BE47-E76B5AAB2772}.Release|x86.ActiveCfg = Release|Win32
		{52F486E7-830C-45D8-BE47-E76B5AAB2772}.Release|x86.Build.0 = Release|Win32
	EndGlobalSection
	GlobalSection(SolutionProperties) = preSolution
		HideSolutionNode = FALSE
	EndGlobalSection
	GlobalSection(ExtensibilityGlobals) = postSolution
		SolutionGuid = {F91E7D9B-94F7-4DB3-B925-196FC31CC214}
	EndGlobalSection
EndGlobal
